
Microsoft Visual Studio Solution File, Format Version 12.00
# Visual Studio Version 17
VisualStudioVersion = 17.3.32922.545
MinimumVisualStudioVersion = 10.0.40219.1
Project("{9A19103F-16F7-4668-BE54-9A1E7A4F7556}") = "OcelotApiGateway", "src\OcelotApiGateway\OcelotApiGateway.csproj", "{857D02B1-A100-4828-9CA7-AEEDC567C77A}"
EndProject
Project("{FAE04EC0-301F-11D3-BF4B-00C04F79EFBC}") = "JwtAuthenticationManager", "JwtAuthenticationManager\JwtAuthenticationManager.csproj", "{C86E2DE9-9825-4ACE-B25B-066D0063EAFB}"
EndProject
Project("{FAE04EC0-301F-11D3-BF4B-00C04F79EFBC}") = "AuthenticationService", "AuthenticationService\AuthenticationService.csproj", "{E5018C4E-B835-4008-BA88-0A82B651D1C2}"
EndProject
Project("{E53339B2-1760-4266-BCC7-CA923CBCF16C}") = "docker-compose", "docker-compose.dcproj", "{4A2D1A44-C252-485A-B8DA-DB98F489631B}"
EndProject
Global
	GlobalSection(SolutionConfigurationPlatforms) = preSolution
		Debug|Any CPU = Debug|Any CPU
		Release|Any CPU = Release|Any CPU
	EndGlobalSection
	GlobalSection(ProjectConfigurationPlatforms) = postSolution
		{857D02B1-A100-4828-9CA7-AEEDC567C77A}.Debug|Any CPU.ActiveCfg = Debug|Any CPU
		{857D02B1-A100-4828-9CA7-AEEDC567C77A}.Debug|Any CPU.Build.0 = Debug|Any CPU
		{857D02B1-A100-4828-9CA7-AEEDC567C77A}.Release|Any CPU.ActiveCfg = Release|Any CPU
		{857D02B1-A100-4828-9CA7-AEEDC567C77A}.Release|Any CPU.Build.0 = Release|Any CPU
		{C86E2DE9-9825-4ACE-B25B-066D0063EAFB}.Debug|Any CPU.ActiveCfg = Debug|Any CPU
		{C86E2DE9-9825-4ACE-B25B-066D0063EAFB}.Debug|Any CPU.Build.0 = Debug|Any CPU
		{C86E2DE9-9825-4ACE-B25B-066D0063EAFB}.Release|Any CPU.ActiveCfg = Release|Any CPU
		{C86E2DE9-9825-4ACE-B25B-066D0063EAFB}.Release|Any CPU.Build.0 = Release|Any CPU
		{E5018C4E-B835-4008-BA88-0A82B651D1C2}.Debug|Any CPU.ActiveCfg = Debug|Any CPU
		{E5018C4E-B835-4008-BA88-0A82B651D1C2}.Debug|Any CPU.Build.0 = Debug|Any CPU
		{E5018C4E-B835-4008-BA88-0A82B651D1C2}.Release|Any CPU.ActiveCfg = Release|Any CPU
		{E5018C4E-B835-4008-BA88-0A82B651D1C2}.Release|Any CPU.Build.0 = Release|Any CPU
		{4A2D1A44-C252-485A-B8DA-DB98F489631B}.Debug|Any CPU.ActiveCfg = Debug|Any CPU
		{4A2D1A44-C252-485A-B8DA-DB98F489631B}.Debug|Any CPU.Build.0 = Debug|Any CPU
		{4A2D1A44-C252-485A-B8DA-DB98F489631B}.Release|Any CPU.ActiveCfg = Release|Any CPU
		{4A2D1A44-C252-485A-B8DA-DB98F489631B}.Release|Any CPU.Build.0 = Release|Any CPU
	EndGlobalSection
	GlobalSection(SolutionProperties) = preSolution
		HideSolutionNode = FALSE
	EndGlobalSection
	GlobalSection(ExtensibilityGlobals) = postSolution
		SolutionGuid = {C1AED9BD-38E0-4CE5-B86E-94568BDC0C1B}
	EndGlobalSection
EndGlobal
